{
  "name": "5.9",
  "lockfileVersion": 3,
  "requires": true,
  "packages": {
    "": {
      "dependencies": {
        "types-registry": "^0.1.761"
      }
    },
    "node_modules/types-registry": {
      "version": "0.1.761",
      "resolved": "https://registry.npmjs.org/types-registry/-/types-registry-0.1.761.tgz",
      "integrity": "sha512-IUx50LKsUCb1+JPndLqlFtNE3lLRahuvr6MKTWP7qzWEPeaRKu9EZe9y/2V/OlZItlRE/uzXiSBCJhDtWVhQ3A==",
      "license": "MIT"
    }
  }
}
